
Microsoft Visual Studio Solution File, Format Version 12.00
# Visual Studio Version 16
VisualStudioVersion = 16.0.31729.503
MinimumVisualStudioVersion = 10.0.40219.1
Project("{9A19103F-16F7-4668-BE54-9A1E7A4F7556}") = "Start", "Start\Start.csproj", "{D4AFA0C9-EEA4-4B52-B598-AD45E1FC5A2A}"
EndProject
Project("{9A19103F-16F7-4668-BE54-9A1E7A4F7556}") = "DinarWindow", "DinarWindow\DinarWindow.csproj", "{373191CD-07D2-4E1D-B009-8DDEA3EA995A}"
EndProject
Project("{FAE04EC0-301F-11D3-BF4B-00C04F79EFBC}") = "Contributions", "Contributions\Contributions.csproj", "{6BA67B3C-4344-4CA9-B38A-B6071D01F167}"
EndProject
Global
	GlobalSection(SolutionConfigurationPlatforms) = preSolution
		Debug|Any CPU = Debug|Any CPU
		Release|Any CPU = Release|Any CPU
	EndGlobalSection
	GlobalSection(ProjectConfigurationPlatforms) = postSolution
		{D4AFA0C9-EEA4-4B52-B598-AD45E1FC5A2A}.Debug|Any CPU.ActiveCfg = Debug|Any CPU
		{D4AFA0C9-EEA4-4B52-B598-AD45E1FC5A2A}.Debug|Any CPU.Build.0 = Debug|Any CPU
		{D4AFA0C9-EEA4-4B52-B598-AD45E1FC5A2A}.Release|Any CPU.ActiveCfg = Release|Any CPU
		{D4AFA0C9-EEA4-4B52-B598-AD45E1FC5A2A}.Release|Any CPU.Build.0 = Release|Any CPU
		{373191CD-07D2-4E1D-B009-8DDEA3EA995A}.Debug|Any CPU.ActiveCfg = Debug|Any CPU
		{373191CD-07D2-4E1D-B009-8DDEA3EA995A}.Debug|Any CPU.Build.0 = Debug|Any CPU
		{373191CD-07D2-4E1D-B009-8DDEA3EA995A}.Release|Any CPU.ActiveCfg = Release|Any CPU
		{373191CD-07D2-4E1D-B009-8DDEA3EA995A}.Release|Any CPU.Build.0 = Release|Any CPU
		{6BA67B3C-4344-4CA9-B38A-B6071D01F167}.Debug|Any CPU.ActiveCfg = Debug|Any CPU
		{6BA67B3C-4344-4CA9-B38A-B6071D01F167}.Debug|Any CPU.Build.0 = Debug|Any CPU
		{6BA67B3C-4344-4CA9-B38A-B6071D01F167}.Release|Any CPU.ActiveCfg = Release|Any CPU
		{6BA67B3C-4344-4CA9-B38A-B6071D01F167}.Release|Any CPU.Build.0 = Release|Any CPU
	EndGlobalSection
	GlobalSection(SolutionProperties) = preSolution
		HideSolutionNode = FALSE
	EndGlobalSection
	GlobalSection(ExtensibilityGlobals) = postSolution
		SolutionGuid = {489AF1E1-943D-477E-B098-CE6E606148D0}
	EndGlobalSection
EndGlobal
